
Microsoft Visual Studio Solution File, Format Version 12.00
# Visual Studio Version 16
VisualStudioVersion = 16.0.30011.22
MinimumVisualStudioVersion = 10.0.40219.1
Project("{FAE04EC0-301F-11D3-BF4B-00C04F79EFBC}") = "Web", "web\Web.csproj", "{FA85E8F5-137C-4A49-9A2D-AC2E1E86FEEC}"
EndProject
Global
	GlobalSection(SolutionConfigurationPlatforms) = preSolution
		Debug|Any CPU = Debug|Any CPU
		Release|Any CPU = Release|Any CPU
	EndGlobalSection
	GlobalSection(ProjectConfigurationPlatforms) = postSolution
		{FA85E8F5-137C-4A49-9A2D-AC2E1E86FEEC}.Debug|Any CPU.ActiveCfg = Debug|Any CPU
		{FA85E8F5-137C-4A49-9A2D-AC2E1E86FEEC}.Debug|Any CPU.Build.0 = Debug|Any CPU
		{FA85E8F5-137C-4A49-9A2D-AC2E1E86FEEC}.Release|Any CPU.ActiveCfg = Release|Any CPU
		{FA85E8F5-137C-4A49-9A2D-AC2E1E86FEEC}.Release|Any CPU.Build.0 = Release|Any CPU
	EndGlobalSection
	GlobalSection(SolutionProperties) = preSolution
		HideSolutionNode = FALSE
	EndGlobalSection
	GlobalSection(ExtensibilityGlobals) = postSolution
		SolutionGuid = {F558B79E-F8ED-432A-B190-78D232F704B0}
	EndGlobalSection
EndGlobal
